
Microsoft Visual Studio Solution File, Format Version 12.00
# Visual Studio Version 17
VisualStudioVersion = 17.2.32630.192
MinimumVisualStudioVersion = 10.0.40219.1
Project("{FAE04EC0-301F-11D3-BF4B-00C04F79EFBC}") = "QueueFiles.Model", "QueueFiles.Model\QueueFiles.Model.csproj", "{191CA291-B2C2-458E-B955-6E9171FD9C8E}"
EndProject
Project("{FAE04EC0-301F-11D3-BF4B-00C04F79EFBC}") = "QueueFiles.Dal", "QueueFiles.Dal\QueueFiles.Dal.csproj", "{8BA0C1BC-7B0B-4EB0-A1C0-F07C4337394C}"
EndProject
Project("{FAE04EC0-301F-11D3-BF4B-00C04F79EFBC}") = "QueueFiles.Entities", "QueueFiles.Entities\QueueFiles.Entities.csproj", "{42023F93-8379-4A69-97E0-FCDD31A3CDFB}"
EndProject
Project("{FAE04EC0-301F-11D3-BF4B-00C04F79EFBC}") = "QueueFiles.UI", "QueueFiles.UI\QueueFiles.UI.csproj", "{EE296498-EC64-4E31-B116-0BEB147AFAA2}"
EndProject
Project("{FAE04EC0-301F-11D3-BF4B-00C04F79EFBC}") = "QueueFiles.MicroServer", "QueueFiles.MicroServer\QueueFiles.MicroServer.csproj", "{A8F6652A-2472-4B61-9279-A2F8AA0A261E}"
EndProject
Global
	GlobalSection(SolutionConfigurationPlatforms) = preSolution
		Debug|Any CPU = Debug|Any CPU
		Release|Any CPU = Release|Any CPU
	EndGlobalSection
	GlobalSection(ProjectConfigurationPlatforms) = postSolution
		{191CA291-B2C2-458E-B955-6E9171FD9C8E}.Debug|Any CPU.ActiveCfg = Debug|Any CPU
		{191CA291-B2C2-458E-B955-6E9171FD9C8E}.Debug|Any CPU.Build.0 = Debug|Any CPU
		{191CA291-B2C2-458E-B955-6E9171FD9C8E}.Release|Any CPU.ActiveCfg = Release|Any CPU
		{191CA291-B2C2-458E-B955-6E9171FD9C8E}.Release|Any CPU.Build.0 = Release|Any CPU
		{8BA0C1BC-7B0B-4EB0-A1C0-F07C4337394C}.Debug|Any CPU.ActiveCfg = Debug|Any CPU
		{8BA0C1BC-7B0B-4EB0-A1C0-F07C4337394C}.Debug|Any CPU.Build.0 = Debug|Any CPU
		{8BA0C1BC-7B0B-4EB0-A1C0-F07C4337394C}.Release|Any CPU.ActiveCfg = Release|Any CPU
		{8BA0C1BC-7B0B-4EB0-A1C0-F07C4337394C}.Release|Any CPU.Build.0 = Release|Any CPU
		{42023F93-8379-4A69-97E0-FCDD31A3CDFB}.Debug|Any CPU.ActiveCfg = Debug|Any CPU
		{42023F93-8379-4A69-97E0-FCDD31A3CDFB}.Debug|Any CPU.Build.0 = Debug|Any CPU
		{42023F93-8379-4A69-97E0-FCDD31A3CDFB}.Release|Any CPU.ActiveCfg = Release|Any CPU
		{42023F93-8379-4A69-97E0-FCDD31A3CDFB}.Release|Any CPU.Build.0 = Release|Any CPU
		{EE296498-EC64-4E31-B116-0BEB147AFAA2}.Debug|Any CPU.ActiveCfg = Debug|Any CPU
		{EE296498-EC64-4E31-B116-0BEB147AFAA2}.Debug|Any CPU.Build.0 = Debug|Any CPU
		{EE296498-EC64-4E31-B116-0BEB147AFAA2}.Release|Any CPU.ActiveCfg = Release|Any CPU
		{EE296498-EC64-4E31-B116-0BEB147AFAA2}.Release|Any CPU.Build.0 = Release|Any CPU
		{A8F6652A-2472-4B61-9279-A2F8AA0A261E}.Debug|Any CPU.ActiveCfg = Debug|Any CPU
		{A8F6652A-2472-4B61-9279-A2F8AA0A261E}.Debug|Any CPU.Build.0 = Debug|Any CPU
		{A8F6652A-2472-4B61-9279-A2F8AA0A261E}.Release|Any CPU.ActiveCfg = Release|Any CPU
		{A8F6652A-2472-4B61-9279-A2F8AA0A261E}.Release|Any CPU.Build.0 = Release|Any CPU
	EndGlobalSection
	GlobalSection(SolutionProperties) = preSolution
		HideSolutionNode = FALSE
	EndGlobalSection
	GlobalSection(ExtensibilityGlobals) = postSolution
		SolutionGuid = {537A4579-DE70-414F-8048-8DAC6CBC5550}
	EndGlobalSection
EndGlobal
