
Microsoft Visual Studio Solution File, Format Version 12.00
# Visual Studio Version 17
VisualStudioVersion = 17.2.32630.192
MinimumVisualStudioVersion = 10.0.40219.1
Project("{FAE04EC0-301F-11D3-BF4B-00C04F79EFBC}") = "ClassLearningGenerics", "ClassLearningGenerics\ClassLearningGenerics.csproj", "{0CC37E38-4FBA-4134-9D45-9A13340F3C2A}"
EndProject
Global
	GlobalSection(SolutionConfigurationPlatforms) = preSolution
		Debug|Any CPU = Debug|Any CPU
		Release|Any CPU = Release|Any CPU
	EndGlobalSection
	GlobalSection(ProjectConfigurationPlatforms) = postSolution
		{0CC37E38-4FBA-4134-9D45-9A13340F3C2A}.Debug|Any CPU.ActiveCfg = Debug|Any CPU
		{0CC37E38-4FBA-4134-9D45-9A13340F3C2A}.Debug|Any CPU.Build.0 = Debug|Any CPU
		{0CC37E38-4FBA-4134-9D45-9A13340F3C2A}.Release|Any CPU.ActiveCfg = Release|Any CPU
		{0CC37E38-4FBA-4134-9D45-9A13340F3C2A}.Release|Any CPU.Build.0 = Release|Any CPU
	EndGlobalSection
	GlobalSection(SolutionProperties) = preSolution
		HideSolutionNode = FALSE
	EndGlobalSection
	GlobalSection(ExtensibilityGlobals) = postSolution
		SolutionGuid = {09B01714-5CD4-4FC7-8556-88B709A66A15}
	EndGlobalSection
EndGlobal
