
Microsoft Visual Studio Solution File, Format Version 12.00
# Visual Studio Version 17
VisualStudioVersion = 17.2.32630.192
MinimumVisualStudioVersion = 10.0.40219.1
Project("{FAE04EC0-301F-11D3-BF4B-00C04F79EFBC}") = "21.11.2022", "21.11.2022\21.11.2022.csproj", "{778E34A5-4C83-4731-A830-E15DB28EB726}"
EndProject
Global
	GlobalSection(SolutionConfigurationPlatforms) = preSolution
		Debug|Any CPU = Debug|Any CPU
		Release|Any CPU = Release|Any CPU
	EndGlobalSection
	GlobalSection(ProjectConfigurationPlatforms) = postSolution
		{778E34A5-4C83-4731-A830-E15DB28EB726}.Debug|Any CPU.ActiveCfg = Debug|Any CPU
		{778E34A5-4C83-4731-A830-E15DB28EB726}.Debug|Any CPU.Build.0 = Debug|Any CPU
		{778E34A5-4C83-4731-A830-E15DB28EB726}.Release|Any CPU.ActiveCfg = Release|Any CPU
		{778E34A5-4C83-4731-A830-E15DB28EB726}.Release|Any CPU.Build.0 = Release|Any CPU
	EndGlobalSection
	GlobalSection(SolutionProperties) = preSolution
		HideSolutionNode = FALSE
	EndGlobalSection
	GlobalSection(ExtensibilityGlobals) = postSolution
		SolutionGuid = {9E566905-6264-489C-BDF1-2EFE84D3361A}
	EndGlobalSection
EndGlobal
