
Microsoft Visual Studio Solution File, Format Version 12.00
# Visual Studio Version 17
VisualStudioVersion = 17.2.32630.192
MinimumVisualStudioVersion = 10.0.40219.1
Project("{FAE04EC0-301F-11D3-BF4B-00C04F79EFBC}") = "13.11.2022", "13.11.2022\13.11.2022.csproj", "{3AA9452D-C547-44D3-B424-2B295EAB7B51}"
EndProject
Global
	GlobalSection(SolutionConfigurationPlatforms) = preSolution
		Debug|Any CPU = Debug|Any CPU
		Release|Any CPU = Release|Any CPU
	EndGlobalSection
	GlobalSection(ProjectConfigurationPlatforms) = postSolution
		{3AA9452D-C547-44D3-B424-2B295EAB7B51}.Debug|Any CPU.ActiveCfg = Debug|Any CPU
		{3AA9452D-C547-44D3-B424-2B295EAB7B51}.Debug|Any CPU.Build.0 = Debug|Any CPU
		{3AA9452D-C547-44D3-B424-2B295EAB7B51}.Release|Any CPU.ActiveCfg = Release|Any CPU
		{3AA9452D-C547-44D3-B424-2B295EAB7B51}.Release|Any CPU.Build.0 = Release|Any CPU
	EndGlobalSection
	GlobalSection(SolutionProperties) = preSolution
		HideSolutionNode = FALSE
	EndGlobalSection
	GlobalSection(ExtensibilityGlobals) = postSolution
		SolutionGuid = {F97A1117-22A1-4DA0-8DF9-750396DD99D9}
	EndGlobalSection
EndGlobal
